
Microsoft Visual Studio Solution File, Format Version 12.00
Project("{FAE04EC0-301F-11D3-BF4B-00C04F79EFBC}") = "Formulaic", "Formulaic\Formulaic.csproj", "{763BC03D-ED27-443D-8B98-518AF01CDC4C}"
EndProject
Global
	GlobalSection(SolutionConfigurationPlatforms) = preSolution
		Debug|Any CPU = Debug|Any CPU
		Release|Any CPU = Release|Any CPU
	EndGlobalSection
	GlobalSection(ProjectConfigurationPlatforms) = postSolution
		{763BC03D-ED27-443D-8B98-518AF01CDC4C}.Debug|Any CPU.ActiveCfg = Debug|Any CPU
		{763BC03D-ED27-443D-8B98-518AF01CDC4C}.Debug|Any CPU.Build.0 = Debug|Any CPU
		{763BC03D-ED27-443D-8B98-518AF01CDC4C}.Release|Any CPU.ActiveCfg = Release|Any CPU
		{763BC03D-ED27-443D-8B98-518AF01CDC4C}.Release|Any CPU.Build.0 = Release|Any CPU
	EndGlobalSection
EndGlobal
